// !$*UTF8*$!
{
	archiveVersion = 1;
	classes = {
	};
	objectVersion = 48;
	objects = {

/* Begin PBXBuildFile section */
		55427910206BC91100DD5107 /* AppDelegate.swift in Sources */ = {isa = PBXBuildFile; fileRef = 5542790F206BC91100DD5107 /* AppDelegate.swift */; };
		55427912206BC91100DD5107 /* ViewController.swift in Sources */ = {isa = PBXBuildFile; fileRef = 55427911206BC91100DD5107 /* ViewController.swift */; };
		55427915206BC91100DD5107 /* Main.storyboard in Resources */ = {isa = PBXBuildFile; fileRef = 55427913206BC91100DD5107 /* Main.storyboard */; };
		55427917206BC91100DD5107 /* Assets.xcassets in Resources */ = {isa = PBXBuildFile; fileRef = 55427916206BC91100DD5107 /* Assets.xcassets */; };
		5542791A206BC91100DD5107 /* LaunchScreen.storyboard in Resources */ = {isa = PBXBuildFile; fileRef = 55427918206BC91100DD5107 /* LaunchScreen.storyboard */; };
		55427923206BF73100DD5107 /* CityViewController.swift in Sources */ = {isa = PBXBuildFile; fileRef = 55427922206BF73100DD5107 /* CityViewController.swift */; };
		55427926206C049200DD5107 /* CitiWeatherViewModel.swift in Sources */ = {isa = PBXBuildFile; fileRef = 55427925206C049200DD5107 /* CitiWeatherViewModel.swift */; };
		5542792A206C058900DD5107 /* RxCocoa.framework in Frameworks */ = {isa = PBXBuildFile; fileRef = 55427928206C058800DD5107 /* RxCocoa.framework */; };
		5542792B206C058900DD5107 /* RxCocoa.framework in Embed Frameworks */ = {isa = PBXBuildFile; fileRef = 55427928206C058800DD5107 /* RxCocoa.framework */; settings = {ATTRIBUTES = (CodeSignOnCopy, RemoveHeadersOnCopy, ); }; };
		5542792C206C058900DD5107 /* RxSwift.framework in Frameworks */ = {isa = PBXBuildFile; fileRef = 55427929206C058900DD5107 /* RxSwift.framework */; };
		5542792D206C058900DD5107 /* RxSwift.framework in Embed Frameworks */ = {isa = PBXBuildFile; fileRef = 55427929206C058900DD5107 /* RxSwift.framework */; settings = {ATTRIBUTES = (CodeSignOnCopy, RemoveHeadersOnCopy, ); }; };
		55427935206C12F000DD5107 /* ApiClient.swift in Sources */ = {isa = PBXBuildFile; fileRef = 55427934206C12F000DD5107 /* ApiClient.swift */; };
		55427937206C1F4200DD5107 /* WeatherServices.swift in Sources */ = {isa = PBXBuildFile; fileRef = 55427936206C1F4200DD5107 /* WeatherServices.swift */; };
		5542793A206C219B00DD5107 /* EndPoints.swift in Sources */ = {isa = PBXBuildFile; fileRef = 55427939206C219B00DD5107 /* EndPoints.swift */; };
		5542793C206C2A7F00DD5107 /* Unbox.swift in Sources */ = {isa = PBXBuildFile; fileRef = 5542793B206C2A7F00DD5107 /* Unbox.swift */; };
		55507C08206E2ACB001E416F /* DayCell.swift in Sources */ = {isa = PBXBuildFile; fileRef = 55507C07206E2ACB001E416F /* DayCell.swift */; };
		55507C0B206E30AD001E416F /* HourlyWeatherView.swift in Sources */ = {isa = PBXBuildFile; fileRef = 55507C0A206E30AD001E416F /* HourlyWeatherView.swift */; };
		55532A0C206CEB7D007C236D /* jhb.json in Resources */ = {isa = PBXBuildFile; fileRef = 55532A0B206CEB7D007C236D /* jhb.json */; };
		55532A0F206CF817007C236D /* FiveDaysResponseModel.swift in Sources */ = {isa = PBXBuildFile; fileRef = 55532A0E206CF817007C236D /* FiveDaysResponseModel.swift */; };
		55532A11206D2507007C236D /* City.swift in Sources */ = {isa = PBXBuildFile; fileRef = 55532A10206D2507007C236D /* City.swift */; };
		55532A13206D2517007C236D /* WeatherDetails.swift in Sources */ = {isa = PBXBuildFile; fileRef = 55532A12206D2517007C236D /* WeatherDetails.swift */; };
		55532A15206D259A007C236D /* Weather.swift in Sources */ = {isa = PBXBuildFile; fileRef = 55532A14206D259A007C236D /* Weather.swift */; };
/* End PBXBuildFile section */

/* Begin PBXCopyFilesBuildPhase section */
		5542792E206C058900DD5107 /* Embed Frameworks */ = {
			isa = PBXCopyFilesBuildPhase;
			buildActionMask = 2147483647;
			dstPath = "";
			dstSubfolderSpec = 10;
			files = (
				5542792D206C058900DD5107 /* RxSwift.framework in Embed Frameworks */,
				5542792B206C058900DD5107 /* RxCocoa.framework in Embed Frameworks */,
			);
			name = "Embed Frameworks";
			runOnlyForDeploymentPostprocessing = 0;
		};
/* End PBXCopyFilesBuildPhase section */

/* Begin PBXFileReference section */
		5542790C206BC91100DD5107 /* OpenWeatherApp.app */ = {isa = PBXFileReference; explicitFileType = wrapper.application; includeInIndex = 0; path = OpenWeatherApp.app; sourceTree = BUILT_PRODUCTS_DIR; };
		5542790F206BC91100DD5107 /* AppDelegate.swift */ = {isa = PBXFileReference; lastKnownFileType = sourcecode.swift; path = AppDelegate.swift; sourceTree = "<group>"; };
		55427911206BC91100DD5107 /* ViewController.swift */ = {isa = PBXFileReference; lastKnownFileType = sourcecode.swift; path = ViewController.swift; sourceTree = "<group>"; };
		55427914206BC91100DD5107 /* Base */ = {isa = PBXFileReference; lastKnownFileType = file.storyboard; name = Base; path = Base.lproj/Main.storyboard; sourceTree = "<group>"; };
		55427916206BC91100DD5107 /* Assets.xcassets */ = {isa = PBXFileReference; lastKnownFileType = folder.assetcatalog; path = Assets.xcassets; sourceTree = "<group>"; };
		55427919206BC91100DD5107 /* Base */ = {isa = PBXFileReference; lastKnownFileType = file.storyboard; name = Base; path = Base.lproj/LaunchScreen.storyboard; sourceTree = "<group>"; };
		5542791B206BC91100DD5107 /* Info.plist */ = {isa = PBXFileReference; lastKnownFileType = text.plist.xml; path = Info.plist; sourceTree = "<group>"; };
		55427922206BF73100DD5107 /* CityViewController.swift */ = {isa = PBXFileReference; lastKnownFileType = sourcecode.swift; path = CityViewController.swift; sourceTree = "<group>"; };
		55427925206C049200DD5107 /* CitiWeatherViewModel.swift */ = {isa = PBXFileReference; lastKnownFileType = sourcecode.swift; path = CitiWeatherViewModel.swift; sourceTree = "<group>"; };
		55427928206C058800DD5107 /* RxCocoa.framework */ = {isa = PBXFileReference; lastKnownFileType = wrapper.framework; name = RxCocoa.framework; path = Carthage/Build/iOS/RxCocoa.framework; sourceTree = "<group>"; };
		55427929206C058900DD5107 /* RxSwift.framework */ = {isa = PBXFileReference; lastKnownFileType = wrapper.framework; name = RxSwift.framework; path = Carthage/Build/iOS/RxSwift.framework; sourceTree = "<group>"; };
		55427934206C12F000DD5107 /* ApiClient.swift */ = {isa = PBXFileReference; lastKnownFileType = sourcecode.swift; path = ApiClient.swift; sourceTree = "<group>"; };
		55427936206C1F4200DD5107 /* WeatherServices.swift */ = {isa = PBXFileReference; lastKnownFileType = sourcecode.swift; path = WeatherServices.swift; sourceTree = "<group>"; };
		55427939206C219B00DD5107 /* EndPoints.swift */ = {isa = PBXFileReference; lastKnownFileType = sourcecode.swift; path = EndPoints.swift; sourceTree = "<group>"; };
		5542793B206C2A7F00DD5107 /* Unbox.swift */ = {isa = PBXFileReference; fileEncoding = 4; lastKnownFileType = sourcecode.swift; path = Unbox.swift; sourceTree = "<group>"; };
		55507C07206E2ACB001E416F /* DayCell.swift */ = {isa = PBXFileReference; lastKnownFileType = sourcecode.swift; path = DayCell.swift; sourceTree = "<group>"; };
		55507C0A206E30AD001E416F /* HourlyWeatherView.swift */ = {isa = PBXFileReference; lastKnownFileType = sourcecode.swift; path = HourlyWeatherView.swift; sourceTree = "<group>"; };
		55532A0B206CEB7D007C236D /* jhb.json */ = {isa = PBXFileReference; lastKnownFileType = text.json; path = jhb.json; sourceTree = "<group>"; };
		55532A0E206CF817007C236D /* FiveDaysResponseModel.swift */ = {isa = PBXFileReference; lastKnownFileType = sourcecode.swift; path = FiveDaysResponseModel.swift; sourceTree = "<group>"; };
		55532A10206D2507007C236D /* City.swift */ = {isa = PBXFileReference; lastKnownFileType = sourcecode.swift; path = City.swift; sourceTree = "<group>"; };
		55532A12206D2517007C236D /* WeatherDetails.swift */ = {isa = PBXFileReference; lastKnownFileType = sourcecode.swift; path = WeatherDetails.swift; sourceTree = "<group>"; };
		55532A14206D259A007C236D /* Weather.swift */ = {isa = PBXFileReference; lastKnownFileType = sourcecode.swift; path = Weather.swift; sourceTree = "<group>"; };
/* End PBXFileReference section */

/* Begin PBXFrameworksBuildPhase section */
		55427909206BC91100DD5107 /* Frameworks */ = {
			isa = PBXFrameworksBuildPhase;
			buildActionMask = 2147483647;
			files = (
				5542792C206C058900DD5107 /* RxSwift.framework in Frameworks */,
				5542792A206C058900DD5107 /* RxCocoa.framework in Frameworks */,
			);
			runOnlyForDeploymentPostprocessing = 0;
		};
/* End PBXFrameworksBuildPhase section */

/* Begin PBXGroup section */
		55427903206BC91100DD5107 = {
			isa = PBXGroup;
			children = (
				55427928206C058800DD5107 /* RxCocoa.framework */,
				55427929206C058900DD5107 /* RxSwift.framework */,
				5542790E206BC91100DD5107 /* OpenWeatherApp */,
				5542790D206BC91100DD5107 /* Products */,
			);
			sourceTree = "<group>";
		};
		5542790D206BC91100DD5107 /* Products */ = {
			isa = PBXGroup;
			children = (
				5542790C206BC91100DD5107 /* OpenWeatherApp.app */,
			);
			name = Products;
			sourceTree = "<group>";
		};
		5542790E206BC91100DD5107 /* OpenWeatherApp */ = {
			isa = PBXGroup;
			children = (
				55427927206C04C000DD5107 /* UIKit */,
				5542792F206C059800DD5107 /* APIKit */,
				5542790F206BC91100DD5107 /* AppDelegate.swift */,
				55427913206BC91100DD5107 /* Main.storyboard */,
				55427916206BC91100DD5107 /* Assets.xcassets */,
				55427918206BC91100DD5107 /* LaunchScreen.storyboard */,
				5542791B206BC91100DD5107 /* Info.plist */,
			);
			path = OpenWeatherApp;
			sourceTree = "<group>";
		};
		55427921206BF6BF00DD5107 /* Controllers */ = {
			isa = PBXGroup;
			children = (
				55427911206BC91100DD5107 /* ViewController.swift */,
				55427922206BF73100DD5107 /* CityViewController.swift */,
			);
			path = Controllers;
			sourceTree = "<group>";
		};
		55427924206C038600DD5107 /* ViewModels */ = {
			isa = PBXGroup;
			children = (
				55427925206C049200DD5107 /* CitiWeatherViewModel.swift */,
			);
			path = ViewModels;
			sourceTree = "<group>";
		};
		55427927206C04C000DD5107 /* UIKit */ = {
			isa = PBXGroup;
			children = (
				55507C09206E2FA5001E416F /* CustomViews */,
				55507C06206E2A6B001E416F /* Cells */,
				55427924206C038600DD5107 /* ViewModels */,
				55427921206BF6BF00DD5107 /* Controllers */,
			);
			path = UIKit;
			sourceTree = "<group>";
		};
		5542792F206C059800DD5107 /* APIKit */ = {
			isa = PBXGroup;
			children = (
				55532A0D206CF7BF007C236D /* ResponseModels */,
				55427938206C217800DD5107 /* Helpers */,
				55427931206C05ED00DD5107 /* Services */,
				55427930206C05C700DD5107 /* Data */,
				55532A0B206CEB7D007C236D /* jhb.json */,
			);
			path = APIKit;
			sourceTree = "<group>";
		};
		55427930206C05C700DD5107 /* Data */ = {
			isa = PBXGroup;
			children = (
				55532A10206D2507007C236D /* City.swift */,
				55532A12206D2517007C236D /* WeatherDetails.swift */,
				55532A14206D259A007C236D /* Weather.swift */,
			);
			path = Data;
			sourceTree = "<group>";
		};
		55427931206C05ED00DD5107 /* Services */ = {
			isa = PBXGroup;
			children = (
				55427936206C1F4200DD5107 /* WeatherServices.swift */,
			);
			path = Services;
			sourceTree = "<group>";
		};
		55427938206C217800DD5107 /* Helpers */ = {
			isa = PBXGroup;
			children = (
				5542793B206C2A7F00DD5107 /* Unbox.swift */,
				55427934206C12F000DD5107 /* ApiClient.swift */,
				55427939206C219B00DD5107 /* EndPoints.swift */,
			);
			path = Helpers;
			sourceTree = "<group>";
		};
		55507C06206E2A6B001E416F /* Cells */ = {
			isa = PBXGroup;
			children = (
				55507C07206E2ACB001E416F /* DayCell.swift */,
			);
			path = Cells;
			sourceTree = "<group>";
		};
		55507C09206E2FA5001E416F /* CustomViews */ = {
			isa = PBXGroup;
			children = (
				55507C0A206E30AD001E416F /* HourlyWeatherView.swift */,
			);
			path = CustomViews;
			sourceTree = "<group>";
		};
		55532A0D206CF7BF007C236D /* ResponseModels */ = {
			isa = PBXGroup;
			children = (
				55532A0E206CF817007C236D /* FiveDaysResponseModel.swift */,
			);
			path = ResponseModels;
			sourceTree = "<group>";
		};
/* End PBXGroup section */

/* Begin PBXNativeTarget section */
		5542790B206BC91100DD5107 /* OpenWeatherApp */ = {
			isa = PBXNativeTarget;
			buildConfigurationList = 5542791E206BC91100DD5107 /* Build configuration list for PBXNativeTarget "OpenWeatherApp" */;
			buildPhases = (
				55427908206BC91100DD5107 /* Sources */,
				55427909206BC91100DD5107 /* Frameworks */,
				5542790A206BC91100DD5107 /* Resources */,
				5542792E206C058900DD5107 /* Embed Frameworks */,
			);
			buildRules = (
			);
			dependencies = (
			);
			name = OpenWeatherApp;
			productName = OpenWeatherApp;
			productReference = 5542790C206BC91100DD5107 /* OpenWeatherApp.app */;
			productType = "com.apple.product-type.application";
		};
/* End PBXNativeTarget section */

/* Begin PBXProject section */
		55427904206BC91100DD5107 /* Project object */ = {
			isa = PBXProject;
			attributes = {
				LastSwiftUpdateCheck = 0920;
				LastUpgradeCheck = 0920;
				ORGANIZATIONNAME = "Zwelithini Mathebula";
				TargetAttributes = {
					5542790B206BC91100DD5107 = {
						CreatedOnToolsVersion = 9.2;
						ProvisioningStyle = Automatic;
					};
				};
			};
			buildConfigurationList = 55427907206BC91100DD5107 /* Build configuration list for PBXProject "OpenWeatherApp" */;
			compatibilityVersion = "Xcode 8.0";
			developmentRegion = en;
			hasScannedForEncodings = 0;
			knownRegions = (
				en,
				Base,
			);
			mainGroup = 55427903206BC91100DD5107;
			productRefGroup = 5542790D206BC91100DD5107 /* Products */;
			projectDirPath = "";
			projectRoot = "";
			targets = (
				5542790B206BC91100DD5107 /* OpenWeatherApp */,
			);
		};
/* End PBXProject section */

/* Begin PBXResourcesBuildPhase section */
		5542790A206BC91100DD5107 /* Resources */ = {
			isa = PBXResourcesBuildPhase;
			buildActionMask = 2147483647;
			files = (
				55532A0C206CEB7D007C236D /* jhb.json in Resources */,
				5542791A206BC91100DD5107 /* LaunchScreen.storyboard in Resources */,
				55427917206BC91100DD5107 /* Assets.xcassets in Resources */,
				55427915206BC91100DD5107 /* Main.storyboard in Resources */,
			);
			runOnlyForDeploymentPostprocessing = 0;
		};
/* End PBXResourcesBuildPhase section */

/* Begin PBXSourcesBuildPhase section */
		55427908206BC91100DD5107 /* Sources */ = {
			isa = PBXSourcesBuildPhase;
			buildActionMask = 2147483647;
			files = (
				55532A13206D2517007C236D /* WeatherDetails.swift in Sources */,
				55427937206C1F4200DD5107 /* WeatherServices.swift in Sources */,
				55427923206BF73100DD5107 /* CityViewController.swift in Sources */,
				5542793C206C2A7F00DD5107 /* Unbox.swift in Sources */,
				55507C08206E2ACB001E416F /* DayCell.swift in Sources */,
				55532A15206D259A007C236D /* Weather.swift in Sources */,
				55507C0B206E30AD001E416F /* HourlyWeatherView.swift in Sources */,
				55427912206BC91100DD5107 /* ViewController.swift in Sources */,
				55427926206C049200DD5107 /* CitiWeatherViewModel.swift in Sources */,
				55532A0F206CF817007C236D /* FiveDaysResponseModel.swift in Sources */,
				55532A11206D2507007C236D /* City.swift in Sources */,
				55427910206BC91100DD5107 /* AppDelegate.swift in Sources */,
				5542793A206C219B00DD5107 /* EndPoints.swift in Sources */,
				55427935206C12F000DD5107 /* ApiClient.swift in Sources */,
			);
			runOnlyForDeploymentPostprocessing = 0;
		};
/* End PBXSourcesBuildPhase section */

/* Begin PBXVariantGroup section */
		55427913206BC91100DD5107 /* Main.storyboard */ = {
			isa = PBXVariantGroup;
			children = (
				55427914206BC91100DD5107 /* Base */,
			);
			name = Main.storyboard;
			sourceTree = "<group>";
		};
		55427918206BC91100DD5107 /* LaunchScreen.storyboard */ = {
			isa = PBXVariantGroup;
			children = (
				55427919206BC91100DD5107 /* Base */,
			);
			name = LaunchScreen.storyboard;
			sourceTree = "<group>";
		};
/* End PBXVariantGroup section */

/* Begin XCBuildConfiguration section */
		5542791C206BC91100DD5107 /* Debug */ = {
			isa = XCBuildConfiguration;
			buildSettings = {
				ALWAYS_SEARCH_USER_PATHS = NO;
				CLANG_ANALYZER_NONNULL = YES;
				CLANG_ANALYZER_NUMBER_OBJECT_CONVERSION = YES_AGGRESSIVE;
				CLANG_CXX_LANGUAGE_STANDARD = "gnu++14";
				CLANG_CXX_LIBRARY = "libc++";
				CLANG_ENABLE_MODULES = YES;
				CLANG_ENABLE_OBJC_ARC = YES;
				CLANG_WARN_BLOCK_CAPTURE_AUTORELEASING = YES;
				CLANG_WARN_BOOL_CONVERSION = YES;
				CLANG_WARN_COMMA = YES;
				CLANG_WARN_CONSTANT_CONVERSION = YES;
				CLANG_WARN_DIRECT_OBJC_ISA_USAGE = YES_ERROR;
				CLANG_WARN_DOCUMENTATION_COMMENTS = YES;
				CLANG_WARN_EMPTY_BODY = YES;
				CLANG_WARN_ENUM_CONVERSION = YES;
				CLANG_WARN_INFINITE_RECURSION = YES;
				CLANG_WARN_INT_CONVERSION = YES;
				CLANG_WARN_NON_LITERAL_NULL_CONVERSION = YES;
				CLANG_WARN_OBJC_LITERAL_CONVERSION = YES;
				CLANG_WARN_OBJC_ROOT_CLASS = YES_ERROR;
				CLANG_WARN_RANGE_LOOP_ANALYSIS = YES;
				CLANG_WARN_STRICT_PROTOTYPES = YES;
				CLANG_WARN_SUSPICIOUS_MOVE = YES;
				CLANG_WARN_UNGUARDED_AVAILABILITY = YES_AGGRESSIVE;
				CLANG_WARN_UNREACHABLE_CODE = YES;
				CLANG_WARN__DUPLICATE_METHOD_MATCH = YES;
				CODE_SIGN_IDENTITY = "iPhone Developer";
				COPY_PHASE_STRIP = NO;
				DEBUG_INFORMATION_FORMAT = dwarf;
				ENABLE_STRICT_OBJC_MSGSEND = YES;
				ENABLE_TESTABILITY = YES;
				GCC_C_LANGUAGE_STANDARD = gnu11;
				GCC_DYNAMIC_NO_PIC = NO;
				GCC_NO_COMMON_BLOCKS = YES;
				GCC_OPTIMIZATION_LEVEL = 0;
				GCC_PREPROCESSOR_DEFINITIONS = (
					"DEBUG=1",
					"$(inherited)",
				);
				GCC_WARN_64_TO_32_BIT_CONVERSION = YES;
				GCC_WARN_ABOUT_RETURN_TYPE = YES_ERROR;
				GCC_WARN_UNDECLARED_SELECTOR = YES;
				GCC_WARN_UNINITIALIZED_AUTOS = YES_AGGRESSIVE;
				GCC_WARN_UNUSED_FUNCTION = YES;
				GCC_WARN_UNUSED_VARIABLE = YES;
				IPHONEOS_DEPLOYMENT_TARGET = 11.2;
				MTL_ENABLE_DEBUG_INFO = YES;
				ONLY_ACTIVE_ARCH = YES;
				SDKROOT = iphoneos;
				SWIFT_ACTIVE_COMPILATION_CONDITIONS = DEBUG;
				SWIFT_OPTIMIZATION_LEVEL = "-Onone";
			};
			name = Debug;
		};
		5542791D206BC91100DD5107 /* Release */ = {
			isa = XCBuildConfiguration;
			buildSettings = {
				ALWAYS_SEARCH_USER_PATHS = NO;
				CLANG_ANALYZER_NONNULL = YES;
				CLANG_ANALYZER_NUMBER_OBJECT_CONVERSION = YES_AGGRESSIVE;
				CLANG_CXX_LANGUAGE_STANDARD = "gnu++14";
				CLANG_CXX_LIBRARY = "libc++";
				CLANG_ENABLE_MODULES = YES;
				CLANG_ENABLE_OBJC_ARC = YES;
				CLANG_WARN_BLOCK_CAPTURE_AUTORELEASING = YES;
				CLANG_WARN_BOOL_CONVERSION = YES;
				CLANG_WARN_COMMA = YES;
				CLANG_WARN_CONSTANT_CONVERSION = YES;
				CLANG_WARN_DIRECT_OBJC_ISA_USAGE = YES_ERROR;
				CLANG_WARN_DOCUMENTATION_COMMENTS = YES;
				CLANG_WARN_EMPTY_BODY = YES;
				CLANG_WARN_ENUM_CONVERSION = YES;
				CLANG_WARN_INFINITE_RECURSION = YES;
				CLANG_WARN_INT_CONVERSION = YES;
				CLANG_WARN_NON_LITERAL_NULL_CONVERSION = YES;
				CLANG_WARN_OBJC_LITERAL_CONVERSION = YES;
				CLANG_WARN_OBJC_ROOT_CLASS = YES_ERROR;
				CLANG_WARN_RANGE_LOOP_ANALYSIS = YES;
				CLANG_WARN_STRICT_PROTOTYPES = YES;
				CLANG_WARN_SUSPICIOUS_MOVE = YES;
				CLANG_WARN_UNGUARDED_AVAILABILITY = YES_AGGRESSIVE;
				CLANG_WARN_UNREACHABLE_CODE = YES;
				CLANG_WARN__DUPLICATE_METHOD_MATCH = YES;
				CODE_SIGN_IDENTITY = "iPhone Developer";
				COPY_PHASE_STRIP = NO;
				DEBUG_INFORMATION_FORMAT = "dwarf-with-dsym";
				ENABLE_NS_ASSERTIONS = NO;
				ENABLE_STRICT_OBJC_MSGSEND = YES;
				GCC_C_LANGUAGE_STANDARD = gnu11;
				GCC_NO_COMMON_BLOCKS = YES;
				GCC_WARN_64_TO_32_BIT_CONVERSION = YES;
				GCC_WARN_ABOUT_RETURN_TYPE = YES_ERROR;
				GCC_WARN_UNDECLARED_SELECTOR = YES;
				GCC_WARN_UNINITIALIZED_AUTOS = YES_AGGRESSIVE;
				GCC_WARN_UNUSED_FUNCTION = YES;
				GCC_WARN_UNUSED_VARIABLE = YES;
				IPHONEOS_DEPLOYMENT_TARGET = 11.2;
				MTL_ENABLE_DEBUG_INFO = NO;
				SDKROOT = iphoneos;
				SWIFT_OPTIMIZATION_LEVEL = "-Owholemodule";
				VALIDATE_PRODUCT = YES;
			};
			name = Release;
		};
		5542791F206BC91100DD5107 /* Debug */ = {
			isa = XCBuildConfiguration;
			buildSettings = {
				ASSETCATALOG_COMPILER_APPICON_NAME = AppIcon;
				CODE_SIGN_STYLE = Automatic;
				DEVELOPMENT_TEAM = H6TK77555C;
				FRAMEWORK_SEARCH_PATHS = (
					"$(inherited)",
					"$(PROJECT_DIR)/Carthage/Build/iOS",
				);
				INFOPLIST_FILE = OpenWeatherApp/Info.plist;
				LD_RUNPATH_SEARCH_PATHS = "$(inherited) @executable_path/Frameworks";
				PRODUCT_BUNDLE_IDENTIFIER = com.example.OpenWeatherApp;
				PRODUCT_NAME = "$(TARGET_NAME)";
				SWIFT_VERSION = 4.0;
				TARGETED_DEVICE_FAMILY = "1,2";
			};
			name = Debug;
		};
		55427920206BC91100DD5107 /* Release */ = {
			isa = XCBuildConfiguration;
			buildSettings = {
				ASSETCATALOG_COMPILER_APPICON_NAME = AppIcon;
				CODE_SIGN_STYLE = Automatic;
				DEVELOPMENT_TEAM = H6TK77555C;
				FRAMEWORK_SEARCH_PATHS = (
					"$(inherited)",
					"$(PROJECT_DIR)/Carthage/Build/iOS",
				);
				INFOPLIST_FILE = OpenWeatherApp/Info.plist;
				LD_RUNPATH_SEARCH_PATHS = "$(inherited) @executable_path/Frameworks";
				PRODUCT_BUNDLE_IDENTIFIER = com.example.OpenWeatherApp;
				PRODUCT_NAME = "$(TARGET_NAME)";
				SWIFT_VERSION = 4.0;
				TARGETED_DEVICE_FAMILY = "1,2";
			};
			name = Release;
		};
/* End XCBuildConfiguration section */

/* Begin XCConfigurationList section */
		55427907206BC91100DD5107 /* Build configuration list for PBXProject "OpenWeatherApp" */ = {
			isa = XCConfigurationList;
			buildConfigurations = (
				5542791C206BC91100DD5107 /* Debug */,
				5542791D206BC91100DD5107 /* Release */,
			);
			defaultConfigurationIsVisible = 0;
			defaultConfigurationName = Release;
		};
		5542791E206BC91100DD5107 /* Build configuration list for PBXNativeTarget "OpenWeatherApp" */ = {
			isa = XCConfigurationList;
			buildConfigurations = (
				5542791F206BC91100DD5107 /* Debug */,
				55427920206BC91100DD5107 /* Release */,
			);
			defaultConfigurationIsVisible = 0;
			defaultConfigurationName = Release;
		};
/* End XCConfigurationList section */
	};
	rootObject = 55427904206BC91100DD5107 /* Project object */;
}
